
Microsoft Visual Studio Solution File, Format Version 12.00
# Visual Studio Version 17
VisualStudioVersion = 17.5.33530.505
MinimumVisualStudioVersion = 10.0.40219.1
Project("{FAE04EC0-301F-11D3-BF4B-00C04F79EFBC}") = "JenkinsTestApp", "JenkinsTestApp\JenkinsTestApp.csproj", "{419BCD37-7FBC-472F-BE66-3C2F18609F75}"
EndProject
Project("{FAE04EC0-301F-11D3-BF4B-00C04F79EFBC}") = "JenkinsTestApp.TestCases", "JenkinsTestApp.TestCases\JenkinsTestApp.TestCases.csproj", "{AD97F306-15E7-4FC4-A917-E77C1980AC0D}"
EndProject
Global
	GlobalSection(SolutionConfigurationPlatforms) = preSolution
		Debug|Any CPU = Debug|Any CPU
		Release|Any CPU = Release|Any CPU
	EndGlobalSection
	GlobalSection(ProjectConfigurationPlatforms) = postSolution
		{419BCD37-7FBC-472F-BE66-3C2F18609F75}.Debug|Any CPU.ActiveCfg = Debug|Any CPU
		{419BCD37-7FBC-472F-BE66-3C2F18609F75}.Debug|Any CPU.Build.0 = Debug|Any CPU
		{419BCD37-7FBC-472F-BE66-3C2F18609F75}.Release|Any CPU.ActiveCfg = Release|Any CPU
		{419BCD37-7FBC-472F-BE66-3C2F18609F75}.Release|Any CPU.Build.0 = Release|Any CPU
		{AD97F306-15E7-4FC4-A917-E77C1980AC0D}.Debug|Any CPU.ActiveCfg = Debug|Any CPU
		{AD97F306-15E7-4FC4-A917-E77C1980AC0D}.Debug|Any CPU.Build.0 = Debug|Any CPU
		{AD97F306-15E7-4FC4-A917-E77C1980AC0D}.Release|Any CPU.ActiveCfg = Release|Any CPU
		{AD97F306-15E7-4FC4-A917-E77C1980AC0D}.Release|Any CPU.Build.0 = Release|Any CPU
	EndGlobalSection
	GlobalSection(SolutionProperties) = preSolution
		HideSolutionNode = FALSE
	EndGlobalSection
	GlobalSection(ExtensibilityGlobals) = postSolution
		SolutionGuid = {4B7DE638-152B-4357-BC01-CBCC15A52065}
	EndGlobalSection
EndGlobal
